// !$*UTF8*$!
{
	archiveVersion = 1;
	classes = {
	};
	objectVersion = 46;
	objects = {

/* Begin PBXBuildFile section */
		B66ACE5A1E21EDC500058567 /* AppDelegate.swift in Sources */ = {isa = PBXBuildFile; fileRef = B66ACE591E21EDC500058567 /* AppDelegate.swift */; };
		B66ACE5C1E21EDC500058567 /* ViewController.swift in Sources */ = {isa = PBXBuildFile; fileRef = B66ACE5B1E21EDC500058567 /* ViewController.swift */; };
		B66ACE5F1E21EDC500058567 /* Main.storyboard in Resources */ = {isa = PBXBuildFile; fileRef = B66ACE5D1E21EDC500058567 /* Main.storyboard */; };
		B66ACE611E21EDC500058567 /* Assets.xcassets in Resources */ = {isa = PBXBuildFile; fileRef = B66ACE601E21EDC500058567 /* Assets.xcassets */; };
		B66ACE641E21EDC500058567 /* LaunchScreen.storyboard in Resources */ = {isa = PBXBuildFile; fileRef = B66ACE621E21EDC500058567 /* LaunchScreen.storyboard */; };
		B66ACE6F1E21EDC500058567 /* HelloWorldTests.swift in Sources */ = {isa = PBXBuildFile; fileRef = B66ACE6E1E21EDC500058567 /* HelloWorldTests.swift */; };
		B66ACE7A1E21EDC500058567 /* HelloWorldUITests.swift in Sources */ = {isa = PBXBuildFile; fileRef = B66ACE791E21EDC500058567 /* HelloWorldUITests.swift */; };
/* End PBXBuildFile section */

/* Begin PBXContainerItemProxy section */
		B66ACE6B1E21EDC500058567 /* PBXContainerItemProxy */ = {
			isa = PBXContainerItemProxy;
			containerPortal = B66ACE4E1E21EDC500058567 /* Project object */;
			proxyType = 1;
			remoteGlobalIDString = B66ACE551E21EDC500058567;
			remoteInfo = HelloWorld;
		};
		B66ACE761E21EDC500058567 /* PBXContainerItemProxy */ = {
			isa = PBXContainerItemProxy;
			containerPortal = B66ACE4E1E21EDC500058567 /* Project object */;
			proxyType = 1;
			remoteGlobalIDString = B66ACE551E21EDC500058567;
			remoteInfo = HelloWorld;
		};
/* End PBXContainerItemProxy section */

/* Begin PBXFileReference section */
		B66ACE561E21EDC500058567 /* HelloWorld.app */ = {isa = PBXFileReference; explicitFileType = wrapper.application; includeInIndex = 0; path = HelloWorld.app; sourceTree = BUILT_PRODUCTS_DIR; };
		B66ACE591E21EDC500058567 /* AppDelegate.swift */ = {isa = PBXFileReference; lastKnownFileType = sourcecode.swift; path = AppDelegate.swift; sourceTree = "<group>"; };
		B66ACE5B1E21EDC500058567 /* ViewController.swift */ = {isa = PBXFileReference; lastKnownFileType = sourcecode.swift; path = ViewController.swift; sourceTree = "<group>"; };
		B66ACE5E1E21EDC500058567 /* Base */ = {isa = PBXFileReference; lastKnownFileType = file.storyboard; name = Base; path = Base.lproj/Main.storyboard; sourceTree = "<group>"; };
		B66ACE601E21EDC500058567 /* Assets.xcassets */ = {isa = PBXFileReference; lastKnownFileType = folder.assetcatalog; path = Assets.xcassets; sourceTree = "<group>"; };
		B66ACE631E21EDC500058567 /* Base */ = {isa = PBXFileReference; lastKnownFileType = file.storyboard; name = Base; path = Base.lproj/LaunchScreen.storyboard; sourceTree = "<group>"; };
		B66ACE651E21EDC500058567 /* Info.plist */ = {isa = PBXFileReference; lastKnownFileType = text.plist.xml; path = Info.plist; sourceTree = "<group>"; };
		B66ACE6A1E21EDC500058567 /* HelloWorldTests.xctest */ = {isa = PBXFileReference; explicitFileType = wrapper.cfbundle; includeInIndex = 0; path = HelloWorldTests.xctest; sourceTree = BUILT_PRODUCTS_DIR; };
		B66ACE6E1E21EDC500058567 /* HelloWorldTests.swift */ = {isa = PBXFileReference; lastKnownFileType = sourcecode.swift; path = HelloWorldTests.swift; sourceTree = "<group>"; };
		B66ACE701E21EDC500058567 /* Info.plist */ = {isa = PBXFileReference; lastKnownFileType = text.plist.xml; path = Info.plist; sourceTree = "<group>"; };
		B66ACE751E21EDC500058567 /* HelloWorldUITests.xctest */ = {isa = PBXFileReference; explicitFileType = wrapper.cfbundle; includeInIndex = 0; path = HelloWorldUITests.xctest; sourceTree = BUILT_PRODUCTS_DIR; };
		B66ACE791E21EDC500058567 /* HelloWorldUITests.swift */ = {isa = PBXFileReference; lastKnownFileType = sourcecode.swift; path = HelloWorldUITests.swift; sourceTree = "<group>"; };
		B66ACE7B1E21EDC500058567 /* Info.plist */ = {isa = PBXFileReference; lastKnownFileType = text.plist.xml; path = Info.plist; sourceTree = "<group>"; };
/* End PBXFileReference section */

/* Begin PBXFrameworksBuildPhase section */
		B66ACE531E21EDC500058567 /* Frameworks */ = {
			isa = PBXFrameworksBuildPhase;
			buildActionMask = 2147483647;
			files = (
			);
			runOnlyForDeploymentPostprocessing = 0;
		};
		B66ACE671E21EDC500058567 /* Frameworks */ = {
			isa = PBXFrameworksBuildPhase;
			buildActionMask = 2147483647;
			files = (
			);
			runOnlyForDeploymentPostprocessing = 0;
		};
		B66ACE721E21EDC500058567 /* Frameworks */ = {
			isa = PBXFrameworksBuildPhase;
			buildActionMask = 2147483647;
			files = (
			);
			runOnlyForDeploymentPostprocessing = 0;
		};
/* End PBXFrameworksBuildPhase section */

/* Begin PBXGroup section */
		B66ACE4D1E21EDC500058567 = {
			isa = PBXGroup;
			children = (
				B66ACE581E21EDC500058567 /* HelloWorld */,
				B66ACE6D1E21EDC500058567 /* HelloWorldTests */,
				B66ACE781E21EDC500058567 /* HelloWorldUITests */,
				B66ACE571E21EDC500058567 /* Products */,
			);
			sourceTree = "<group>";
		};
		B66ACE571E21EDC500058567 /* Products */ = {
			isa = PBXGroup;
			children = (
				B66ACE561E21EDC500058567 /* HelloWorld.app */,
				B66ACE6A1E21EDC500058567 /* HelloWorldTests.xctest */,
				B66ACE751E21EDC500058567 /* HelloWorldUITests.xctest */,
			);
			name = Products;
			sourceTree = "<group>";
		};
		B66ACE581E21EDC500058567 /* HelloWorld */ = {
			isa = PBXGroup;
			children = (
				B66ACE591E21EDC500058567 /* AppDelegate.swift */,
				B66ACE5B1E21EDC500058567 /* ViewController.swift */,
				B66ACE5D1E21EDC500058567 /* Main.storyboard */,
				B66ACE601E21EDC500058567 /* Assets.xcassets */,
				B66ACE621E21EDC500058567 /* LaunchScreen.storyboard */,
				B66ACE651E21EDC500058567 /* Info.plist */,
			);
			path = HelloWorld;
			sourceTree = "<group>";
		};
		B66ACE6D1E21EDC500058567 /* HelloWorldTests */ = {
			isa = PBXGroup;
			children = (
				B66ACE6E1E21EDC500058567 /* HelloWorldTests.swift */,
				B66ACE701E21EDC500058567 /* Info.plist */,
			);
			path = HelloWorldTests;
			sourceTree = "<group>";
		};
		B66ACE781E21EDC500058567 /* HelloWorldUITests */ = {
			isa = PBXGroup;
			children = (
				B66ACE791E21EDC500058567 /* HelloWorldUITests.swift */,
				B66ACE7B1E21EDC500058567 /* Info.plist */,
			);
			path = HelloWorldUITests;
			sourceTree = "<group>";
		};
/* End PBXGroup section */

/* Begin PBXNativeTarget section */
		B66ACE551E21EDC500058567 /* HelloWorld */ = {
			isa = PBXNativeTarget;
			buildConfigurationList = B66ACE7E1E21EDC500058567 /* Build configuration list for PBXNativeTarget "HelloWorld" */;
			buildPhases = (
				B66ACE521E21EDC500058567 /* Sources */,
				B66ACE531E21EDC500058567 /* Frameworks */,
				B66ACE541E21EDC500058567 /* Resources */,
			);
			buildRules = (
			);
			dependencies = (
			);
			name = HelloWorld;
			productName = HelloWorld;
			productReference = B66ACE561E21EDC500058567 /* HelloWorld.app */;
			productType = "com.apple.product-type.application";
		};
		B66ACE691E21EDC500058567 /* HelloWorldTests */ = {
			isa = PBXNativeTarget;
			buildConfigurationList = B66ACE811E21EDC500058567 /* Build configuration list for PBXNativeTarget "HelloWorldTests" */;
			buildPhases = (
				B66ACE661E21EDC500058567 /* Sources */,
				B66ACE671E21EDC500058567 /* Frameworks */,
				B66ACE681E21EDC500058567 /* Resources */,
			);
			buildRules = (
			);
			dependencies = (
				B66ACE6C1E21EDC500058567 /* PBXTargetDependency */,
			);
			name = HelloWorldTests;
			productName = HelloWorldTests;
			productReference = B66ACE6A1E21EDC500058567 /* HelloWorldTests.xctest */;
			productType = "com.apple.product-type.bundle.unit-test";
		};
		B66ACE741E21EDC500058567 /* HelloWorldUITests */ = {
			isa = PBXNativeTarget;
			buildConfigurationList = B66ACE841E21EDC500058567 /* Build configuration list for PBXNativeTarget "HelloWorldUITests" */;
			buildPhases = (
				B66ACE711E21EDC500058567 /* Sources */,
				B66ACE721E21EDC500058567 /* Frameworks */,
				B66ACE731E21EDC500058567 /* Resources */,
			);
			buildRules = (
			);
			dependencies = (
				B66ACE771E21EDC500058567 /* PBXTargetDependency */,
			);
			name = HelloWorldUITests;
			productName = HelloWorldUITests;
			productReference = B66ACE751E21EDC500058567 /* HelloWorldUITests.xctest */;
			productType = "com.apple.product-type.bundle.ui-testing";
		};
/* End PBXNativeTarget section */

/* Begin PBXProject section */
		B66ACE4E1E21EDC500058567 /* Project object */ = {
			isa = PBXProject;
			attributes = {
				LastSwiftUpdateCheck = 0810;
				LastUpgradeCheck = 0810;
				ORGANIZATIONNAME = shotakouchi;
				TargetAttributes = {
					B66ACE551E21EDC500058567 = {
						CreatedOnToolsVersion = 8.1;
						ProvisioningStyle = Automatic;
					};
					B66ACE691E21EDC500058567 = {
						CreatedOnToolsVersion = 8.1;
						ProvisioningStyle = Automatic;
						TestTargetID = B66ACE551E21EDC500058567;
					};
					B66ACE741E21EDC500058567 = {
						CreatedOnToolsVersion = 8.1;
						ProvisioningStyle = Automatic;
						TestTargetID = B66ACE551E21EDC500058567;
					};
				};
			};
			buildConfigurationList = B66ACE511E21EDC500058567 /* Build configuration list for PBXProject "HelloWorld" */;
			compatibilityVersion = "Xcode 3.2";
			developmentRegion = English;
			hasScannedForEncodings = 0;
			knownRegions = (
				en,
				Base,
			);
			mainGroup = B66ACE4D1E21EDC500058567;
			productRefGroup = B66ACE571E21EDC500058567 /* Products */;
			projectDirPath = "";
			projectRoot = "";
			targets = (
				B66ACE551E21EDC500058567 /* HelloWorld */,
				B66ACE691E21EDC500058567 /* HelloWorldTests */,
				B66ACE741E21EDC500058567 /* HelloWorldUITests */,
			);
		};
/* End PBXProject section */

/* Begin PBXResourcesBuildPhase section */
		B66ACE541E21EDC500058567 /* Resources */ = {
			isa = PBXResourcesBuildPhase;
			buildActionMask = 2147483647;
			files = (
				B66ACE641E21EDC500058567 /* LaunchScreen.storyboard in Resources */,
				B66ACE611E21EDC500058567 /* Assets.xcassets in Resources */,
				B66ACE5F1E21EDC500058567 /* Main.storyboard in Resources */,
			);
			runOnlyForDeploymentPostprocessing = 0;
		};
		B66ACE681E21EDC500058567 /* Resources */ = {
			isa = PBXResourcesBuildPhase;
			buildActionMask = 2147483647;
			files = (
			);
			runOnlyForDeploymentPostprocessing = 0;
		};
		B66ACE731E21EDC500058567 /* Resources */ = {
			isa = PBXResourcesBuildPhase;
			buildActionMask = 2147483647;
			files = (
			);
			runOnlyForDeploymentPostprocessing = 0;
		};
/* End PBXResourcesBuildPhase section */

/* Begin PBXSourcesBuildPhase section */
		B66ACE521E21EDC500058567 /* Sources */ = {
			isa = PBXSourcesBuildPhase;
			buildActionMask = 2147483647;
			files = (
				B66ACE5C1E21EDC500058567 /* ViewController.swift in Sources */,
				B66ACE5A1E21EDC500058567 /* AppDelegate.swift in Sources */,
			);
			runOnlyForDeploymentPostprocessing = 0;
		};
		B66ACE661E21EDC500058567 /* Sources */ = {
			isa = PBXSourcesBuildPhase;
			buildActionMask = 2147483647;
			files = (
				B66ACE6F1E21EDC500058567 /* HelloWorldTests.swift in Sources */,
			);
			runOnlyForDeploymentPostprocessing = 0;
		};
		B66ACE711E21EDC500058567 /* Sources */ = {
			isa = PBXSourcesBuildPhase;
			buildActionMask = 2147483647;
			files = (
				B66ACE7A1E21EDC500058567 /* HelloWorldUITests.swift in Sources */,
			);
			runOnlyForDeploymentPostprocessing = 0;
		};
/* End PBXSourcesBuildPhase section */

/* Begin PBXTargetDependency section */
		B66ACE6C1E21EDC500058567 /* PBXTargetDependency */ = {
			isa = PBXTargetDependency;
			target = B66ACE551E21EDC500058567 /* HelloWorld */;
			targetProxy = B66ACE6B1E21EDC500058567 /* PBXContainerItemProxy */;
		};
		B66ACE771E21EDC500058567 /* PBXTargetDependency */ = {
			isa = PBXTargetDependency;
			target = B66ACE551E21EDC500058567 /* HelloWorld */;
			targetProxy = B66ACE761E21EDC500058567 /* PBXContainerItemProxy */;
		};
/* End PBXTargetDependency section */

/* Begin PBXVariantGroup section */
		B66ACE5D1E21EDC500058567 /* Main.storyboard */ = {
			isa = PBXVariantGroup;
			children = (
				B66ACE5E1E21EDC500058567 /* Base */,
			);
			name = Main.storyboard;
			sourceTree = "<group>";
		};
		B66ACE621E21EDC500058567 /* LaunchScreen.storyboard */ = {
			isa = PBXVariantGroup;
			children = (
				B66ACE631E21EDC500058567 /* Base */,
			);
			name = LaunchScreen.storyboard;
			sourceTree = "<group>";
		};
/* End PBXVariantGroup section */

/* Begin XCBuildConfiguration section */
		B66ACE7C1E21EDC500058567 /* Debug */ = {
			isa = XCBuildConfiguration;
			buildSettings = {
				ALWAYS_SEARCH_USER_PATHS = NO;
				CLANG_ANALYZER_NONNULL = YES;
				CLANG_CXX_LANGUAGE_STANDARD = "gnu++0x";
				CLANG_CXX_LIBRARY = "libc++";
				CLANG_ENABLE_MODULES = YES;
				CLANG_ENABLE_OBJC_ARC = YES;
				CLANG_WARN_BOOL_CONVERSION = YES;
				CLANG_WARN_CONSTANT_CONVERSION = YES;
				CLANG_WARN_DIRECT_OBJC_ISA_USAGE = YES_ERROR;
				CLANG_WARN_DOCUMENTATION_COMMENTS = YES;
				CLANG_WARN_EMPTY_BODY = YES;
				CLANG_WARN_ENUM_CONVERSION = YES;
				CLANG_WARN_INFINITE_RECURSION = YES;
				CLANG_WARN_INT_CONVERSION = YES;
				CLANG_WARN_OBJC_ROOT_CLASS = YES_ERROR;
				CLANG_WARN_SUSPICIOUS_MOVES = YES;
				CLANG_WARN_UNREACHABLE_CODE = YES;
				CLANG_WARN__DUPLICATE_METHOD_MATCH = YES;
				"CODE_SIGN_IDENTITY[sdk=iphoneos*]" = "iPhone Developer";
				COPY_PHASE_STRIP = NO;
				DEBUG_INFORMATION_FORMAT = dwarf;
				ENABLE_STRICT_OBJC_MSGSEND = YES;
				ENABLE_TESTABILITY = YES;
				GCC_C_LANGUAGE_STANDARD = gnu99;
				GCC_DYNAMIC_NO_PIC = NO;
				GCC_NO_COMMON_BLOCKS = YES;
				GCC_OPTIMIZATION_LEVEL = 0;
				GCC_PREPROCESSOR_DEFINITIONS = (
					"DEBUG=1",
					"$(inherited)",
				);
				GCC_WARN_64_TO_32_BIT_CONVERSION = YES;
				GCC_WARN_ABOUT_RETURN_TYPE = YES_ERROR;
				GCC_WARN_UNDECLARED_SELECTOR = YES;
				GCC_WARN_UNINITIALIZED_AUTOS = YES_AGGRESSIVE;
				GCC_WARN_UNUSED_FUNCTION = YES;
				GCC_WARN_UNUSED_VARIABLE = YES;
				IPHONEOS_DEPLOYMENT_TARGET = 10.1;
				MTL_ENABLE_DEBUG_INFO = YES;
				ONLY_ACTIVE_ARCH = YES;
				SDKROOT = iphoneos;
				SWIFT_ACTIVE_COMPILATION_CONDITIONS = DEBUG;
				SWIFT_OPTIMIZATION_LEVEL = "-Onone";
			};
			name = Debug;
		};
		B66ACE7D1E21EDC500058567 /* Release */ = {
			isa = XCBuildConfiguration;
			buildSettings = {
				ALWAYS_SEARCH_USER_PATHS = NO;
				CLANG_ANALYZER_NONNULL = YES;
				CLANG_CXX_LANGUAGE_STANDARD = "gnu++0x";
				CLANG_CXX_LIBRARY = "libc++";
				CLANG_ENABLE_MODULES = YES;
				CLANG_ENABLE_OBJC_ARC = YES;
				CLANG_WARN_BOOL_CONVERSION = YES;
				CLANG_WARN_CONSTANT_CONVERSION = YES;
				CLANG_WARN_DIRECT_OBJC_ISA_USAGE = YES_ERROR;
				CLANG_WARN_DOCUMENTATION_COMMENTS = YES;
				CLANG_WARN_EMPTY_BODY = YES;
				CLANG_WARN_ENUM_CONVERSION = YES;
				CLANG_WARN_INFINITE_RECURSION = YES;
				CLANG_WARN_INT_CONVERSION = YES;
				CLANG_WARN_OBJC_ROOT_CLASS = YES_ERROR;
				CLANG_WARN_SUSPICIOUS_MOVES = YES;
				CLANG_WARN_UNREACHABLE_CODE = YES;
				CLANG_WARN__DUPLICATE_METHOD_MATCH = YES;
				"CODE_SIGN_IDENTITY[sdk=iphoneos*]" = "iPhone Developer";
				COPY_PHASE_STRIP = NO;
				DEBUG_INFORMATION_FORMAT = "dwarf-with-dsym";
				ENABLE_NS_ASSERTIONS = NO;
				ENABLE_STRICT_OBJC_MSGSEND = YES;
				GCC_C_LANGUAGE_STANDARD = gnu99;
				GCC_NO_COMMON_BLOCKS = YES;
				GCC_WARN_64_TO_32_BIT_CONVERSION = YES;
				GCC_WARN_ABOUT_RETURN_TYPE = YES_ERROR;
				GCC_WARN_UNDECLARED_SELECTOR = YES;
				GCC_WARN_UNINITIALIZED_AUTOS = YES_AGGRESSIVE;
				GCC_WARN_UNUSED_FUNCTION = YES;
				GCC_WARN_UNUSED_VARIABLE = YES;
				IPHONEOS_DEPLOYMENT_TARGET = 10.1;
				MTL_ENABLE_DEBUG_INFO = NO;
				SDKROOT = iphoneos;
				SWIFT_OPTIMIZATION_LEVEL = "-Owholemodule";
				VALIDATE_PRODUCT = YES;
			};
			name = Release;
		};
		B66ACE7F1E21EDC500058567 /* Debug */ = {
			isa = XCBuildConfiguration;
			buildSettings = {
				ASSETCATALOG_COMPILER_APPICON_NAME = AppIcon;
				INFOPLIST_FILE = HelloWorld/Info.plist;
				LD_RUNPATH_SEARCH_PATHS = "$(inherited) @executable_path/Frameworks";
				PRODUCT_BUNDLE_IDENTIFIER = jp.techacademy.shota.kouchi.HelloWorld;
				PRODUCT_NAME = "$(TARGET_NAME)";
				SWIFT_VERSION = 3.0;
			};
			name = Debug;
		};
		B66ACE801E21EDC500058567 /* Release */ = {
			isa = XCBuildConfiguration;
			buildSettings = {
				ASSETCATALOG_COMPILER_APPICON_NAME = AppIcon;
				INFOPLIST_FILE = HelloWorld/Info.plist;
				LD_RUNPATH_SEARCH_PATHS = "$(inherited) @executable_path/Frameworks";
				PRODUCT_BUNDLE_IDENTIFIER = jp.techacademy.shota.kouchi.HelloWorld;
				PRODUCT_NAME = "$(TARGET_NAME)";
				SWIFT_VERSION = 3.0;
			};
			name = Release;
		};
		B66ACE821E21EDC500058567 /* Debug */ = {
			isa = XCBuildConfiguration;
			buildSettings = {
				ALWAYS_EMBED_SWIFT_STANDARD_LIBRARIES = YES;
				BUNDLE_LOADER = "$(TEST_HOST)";
				INFOPLIST_FILE = HelloWorldTests/Info.plist;
				LD_RUNPATH_SEARCH_PATHS = "$(inherited) @executable_path/Frameworks @loader_path/Frameworks";
				PRODUCT_BUNDLE_IDENTIFIER = jp.techacademy.shota.kouchi.HelloWorldTests;
				PRODUCT_NAME = "$(TARGET_NAME)";
				SWIFT_VERSION = 3.0;
				TEST_HOST = "$(BUILT_PRODUCTS_DIR)/HelloWorld.app/HelloWorld";
			};
			name = Debug;
		};
		B66ACE831E21EDC500058567 /* Release */ = {
			isa = XCBuildConfiguration;
			buildSettings = {
				ALWAYS_EMBED_SWIFT_STANDARD_LIBRARIES = YES;
				BUNDLE_LOADER = "$(TEST_HOST)";
				INFOPLIST_FILE = HelloWorldTests/Info.plist;
				LD_RUNPATH_SEARCH_PATHS = "$(inherited) @executable_path/Frameworks @loader_path/Frameworks";
				PRODUCT_BUNDLE_IDENTIFIER = jp.techacademy.shota.kouchi.HelloWorldTests;
				PRODUCT_NAME = "$(TARGET_NAME)";
				SWIFT_VERSION = 3.0;
				TEST_HOST = "$(BUILT_PRODUCTS_DIR)/HelloWorld.app/HelloWorld";
			};
			name = Release;
		};
		B66ACE851E21EDC500058567 /* Debug */ = {
			isa = XCBuildConfiguration;
			buildSettings = {
				ALWAYS_EMBED_SWIFT_STANDARD_LIBRARIES = YES;
				INFOPLIST_FILE = HelloWorldUITests/Info.plist;
				LD_RUNPATH_SEARCH_PATHS = "$(inherited) @executable_path/Frameworks @loader_path/Frameworks";
				PRODUCT_BUNDLE_IDENTIFIER = jp.techacademy.shota.kouchi.HelloWorldUITests;
				PRODUCT_NAME = "$(TARGET_NAME)";
				SWIFT_VERSION = 3.0;
				TEST_TARGET_NAME = HelloWorld;
			};
			name = Debug;
		};
		B66ACE861E21EDC500058567 /* Release */ = {
			isa = XCBuildConfiguration;
			buildSettings = {
				ALWAYS_EMBED_SWIFT_STANDARD_LIBRARIES = YES;
				INFOPLIST_FILE = HelloWorldUITests/Info.plist;
				LD_RUNPATH_SEARCH_PATHS = "$(inherited) @executable_path/Frameworks @loader_path/Frameworks";
				PRODUCT_BUNDLE_IDENTIFIER = jp.techacademy.shota.kouchi.HelloWorldUITests;
				PRODUCT_NAME = "$(TARGET_NAME)";
				SWIFT_VERSION = 3.0;
				TEST_TARGET_NAME = HelloWorld;
			};
			name = Release;
		};
/* End XCBuildConfiguration section */

/* Begin XCConfigurationList section */
		B66ACE511E21EDC500058567 /* Build configuration list for PBXProject "HelloWorld" */ = {
			isa = XCConfigurationList;
			buildConfigurations = (
				B66ACE7C1E21EDC500058567 /* Debug */,
				B66ACE7D1E21EDC500058567 /* Release */,
			);
			defaultConfigurationIsVisible = 0;
			defaultConfigurationName = Release;
		};
		B66ACE7E1E21EDC500058567 /* Build configuration list for PBXNativeTarget "HelloWorld" */ = {
			isa = XCConfigurationList;
			buildConfigurations = (
				B66ACE7F1E21EDC500058567 /* Debug */,
				B66ACE801E21EDC500058567 /* Release */,
			);
			defaultConfigurationIsVisible = 0;
		};
		B66ACE811E21EDC500058567 /* Build configuration list for PBXNativeTarget "HelloWorldTests" */ = {
			isa = XCConfigurationList;
			buildConfigurations = (
				B66ACE821E21EDC500058567 /* Debug */,
				B66ACE831E21EDC500058567 /* Release */,
			);
			defaultConfigurationIsVisible = 0;
		};
		B66ACE841E21EDC500058567 /* Build configuration list for PBXNativeTarget "HelloWorldUITests" */ = {
			isa = XCConfigurationList;
			buildConfigurations = (
				B66ACE851E21EDC500058567 /* Debug */,
				B66ACE861E21EDC500058567 /* Release */,
			);
			defaultConfigurationIsVisible = 0;
		};
/* End XCConfigurationList section */
	};
	rootObject = B66ACE4E1E21EDC500058567 /* Project object */;
}
